
Microsoft Visual Studio Solution File, Format Version 12.00
# Visual Studio 2012
Project("{FAE04EC0-301F-11D3-BF4B-00C04F79EFBC}") = "CmsLite.Data", "CmsLite.Data\CmsLite.Data.csproj", "{A11A4EB0-0A41-4EF4-A169-04011759C30D}"
EndProject
Project("{FAE04EC0-301F-11D3-BF4B-00C04F79EFBC}") = "CmsLite.Domains", "CmsLite.Domains\CmsLite.Domains.csproj", "{1E817C3C-AE87-4C76-B7D2-7235864969B5}"
EndProject
Project("{FAE04EC0-301F-11D3-BF4B-00C04F79EFBC}") = "CmsLite.Interfaces", "CmsLite.Interfaces\CmsLite.Interfaces.csproj", "{BB76A7BA-B919-4916-9D80-7F404DA8F858}"
EndProject
Project("{FAE04EC0-301F-11D3-BF4B-00C04F79EFBC}") = "CmsLite.Services", "CmsLite.Services\CmsLite.Services.csproj", "{CD47F822-2E5C-4E58-8C15-155188A96FA8}"
EndProject
Project("{FAE04EC0-301F-11D3-BF4B-00C04F79EFBC}") = "CmsLite.Unit", "CmsLite.Unit\CmsLite.Unit.csproj", "{33CDEB9C-6447-47B8-BF69-3BD4F4839395}"
EndProject
Project("{FAE04EC0-301F-11D3-BF4B-00C04F79EFBC}") = "CmsLite.Resources", "CmsLite.Resources\CmsLite.Resources.csproj", "{9C432749-4046-4A92-A93D-4599D073D6EF}"
EndProject
Project("{FAE04EC0-301F-11D3-BF4B-00C04F79EFBC}") = "CmsLite.Integration", "CmsLite.Integration\CmsLite.Integration.csproj", "{9F49E67C-822B-4229-B22F-A47AF1DD8877}"
EndProject
Project("{2150E333-8FDC-42A3-9474-1A3956D46DE8}") = "Build", "Build", "{F8C07BFF-D64B-4A27-9F0D-C005A2068BD3}"
	ProjectSection(SolutionItems) = preProject
		BuildNuGet.bat = BuildNuGet.bat
		cms.nuspec = cms.nuspec
	EndProjectSection
EndProject
Project("{2150E333-8FDC-42A3-9474-1A3956D46DE8}") = "Tests", "Tests", "{5C8F8F34-01C4-4D17-ABCE-E525F13AABE4}"
EndProject
Project("{FAE04EC0-301F-11D3-BF4B-00C04F79EFBC}") = "CmsLite.TestApp", "CmsLite.TestApp\CmsLite.TestApp.csproj", "{3A890686-1B16-4CE1-80D0-E2305C7BBA1A}"
EndProject
Project("{FAE04EC0-301F-11D3-BF4B-00C04F79EFBC}") = "CmsLite.Utilities", "CmsLite.Utilities\CmsLite.Utilities.csproj", "{54F6E8E1-7EBB-40A8-B809-A6A487314B8B}"
EndProject
Project("{FAE04EC0-301F-11D3-BF4B-00C04F79EFBC}") = "CmsLite.Core", "CmsLite.Core\CmsLite.Core.csproj", "{D309A23F-7157-40AB-B15E-7E413E40FABB}"
EndProject
Global
	GlobalSection(SolutionConfigurationPlatforms) = preSolution
		Debug|Any CPU = Debug|Any CPU
		Release|Any CPU = Release|Any CPU
	EndGlobalSection
	GlobalSection(ProjectConfigurationPlatforms) = postSolution
		{A11A4EB0-0A41-4EF4-A169-04011759C30D}.Debug|Any CPU.ActiveCfg = Debug|Any CPU
		{A11A4EB0-0A41-4EF4-A169-04011759C30D}.Debug|Any CPU.Build.0 = Debug|Any CPU
		{A11A4EB0-0A41-4EF4-A169-04011759C30D}.Release|Any CPU.ActiveCfg = Release|Any CPU
		{A11A4EB0-0A41-4EF4-A169-04011759C30D}.Release|Any CPU.Build.0 = Release|Any CPU
		{1E817C3C-AE87-4C76-B7D2-7235864969B5}.Debug|Any CPU.ActiveCfg = Debug|Any CPU
		{1E817C3C-AE87-4C76-B7D2-7235864969B5}.Debug|Any CPU.Build.0 = Debug|Any CPU
		{1E817C3C-AE87-4C76-B7D2-7235864969B5}.Release|Any CPU.ActiveCfg = Release|Any CPU
		{1E817C3C-AE87-4C76-B7D2-7235864969B5}.Release|Any CPU.Build.0 = Release|Any CPU
		{BB76A7BA-B919-4916-9D80-7F404DA8F858}.Debug|Any CPU.ActiveCfg = Debug|Any CPU
		{BB76A7BA-B919-4916-9D80-7F404DA8F858}.Debug|Any CPU.Build.0 = Debug|Any CPU
		{BB76A7BA-B919-4916-9D80-7F404DA8F858}.Release|Any CPU.ActiveCfg = Release|Any CPU
		{BB76A7BA-B919-4916-9D80-7F404DA8F858}.Release|Any CPU.Build.0 = Release|Any CPU
		{CD47F822-2E5C-4E58-8C15-155188A96FA8}.Debug|Any CPU.ActiveCfg = Debug|Any CPU
		{CD47F822-2E5C-4E58-8C15-155188A96FA8}.Debug|Any CPU.Build.0 = Debug|Any CPU
		{CD47F822-2E5C-4E58-8C15-155188A96FA8}.Release|Any CPU.ActiveCfg = Release|Any CPU
		{CD47F822-2E5C-4E58-8C15-155188A96FA8}.Release|Any CPU.Build.0 = Release|Any CPU
		{33CDEB9C-6447-47B8-BF69-3BD4F4839395}.Debug|Any CPU.ActiveCfg = Debug|Any CPU
		{33CDEB9C-6447-47B8-BF69-3BD4F4839395}.Debug|Any CPU.Build.0 = Debug|Any CPU
		{33CDEB9C-6447-47B8-BF69-3BD4F4839395}.Release|Any CPU.ActiveCfg = Release|Any CPU
		{33CDEB9C-6447-47B8-BF69-3BD4F4839395}.Release|Any CPU.Build.0 = Release|Any CPU
		{9C432749-4046-4A92-A93D-4599D073D6EF}.Debug|Any CPU.ActiveCfg = Debug|Any CPU
		{9C432749-4046-4A92-A93D-4599D073D6EF}.Debug|Any CPU.Build.0 = Debug|Any CPU
		{9C432749-4046-4A92-A93D-4599D073D6EF}.Release|Any CPU.ActiveCfg = Release|Any CPU
		{9C432749-4046-4A92-A93D-4599D073D6EF}.Release|Any CPU.Build.0 = Release|Any CPU
		{9F49E67C-822B-4229-B22F-A47AF1DD8877}.Debug|Any CPU.ActiveCfg = Debug|Any CPU
		{9F49E67C-822B-4229-B22F-A47AF1DD8877}.Debug|Any CPU.Build.0 = Debug|Any CPU
		{9F49E67C-822B-4229-B22F-A47AF1DD8877}.Release|Any CPU.ActiveCfg = Release|Any CPU
		{9F49E67C-822B-4229-B22F-A47AF1DD8877}.Release|Any CPU.Build.0 = Release|Any CPU
		{3A890686-1B16-4CE1-80D0-E2305C7BBA1A}.Debug|Any CPU.ActiveCfg = Debug|Any CPU
		{3A890686-1B16-4CE1-80D0-E2305C7BBA1A}.Debug|Any CPU.Build.0 = Debug|Any CPU
		{3A890686-1B16-4CE1-80D0-E2305C7BBA1A}.Release|Any CPU.ActiveCfg = Release|Any CPU
		{3A890686-1B16-4CE1-80D0-E2305C7BBA1A}.Release|Any CPU.Build.0 = Release|Any CPU
		{54F6E8E1-7EBB-40A8-B809-A6A487314B8B}.Debug|Any CPU.ActiveCfg = Debug|Any CPU
		{54F6E8E1-7EBB-40A8-B809-A6A487314B8B}.Debug|Any CPU.Build.0 = Debug|Any CPU
		{54F6E8E1-7EBB-40A8-B809-A6A487314B8B}.Release|Any CPU.ActiveCfg = Release|Any CPU
		{54F6E8E1-7EBB-40A8-B809-A6A487314B8B}.Release|Any CPU.Build.0 = Release|Any CPU
		{D309A23F-7157-40AB-B15E-7E413E40FABB}.Debug|Any CPU.ActiveCfg = Debug|Any CPU
		{D309A23F-7157-40AB-B15E-7E413E40FABB}.Debug|Any CPU.Build.0 = Debug|Any CPU
		{D309A23F-7157-40AB-B15E-7E413E40FABB}.Release|Any CPU.ActiveCfg = Release|Any CPU
		{D309A23F-7157-40AB-B15E-7E413E40FABB}.Release|Any CPU.Build.0 = Release|Any CPU
	EndGlobalSection
	GlobalSection(SolutionProperties) = preSolution
		HideSolutionNode = FALSE
	EndGlobalSection
	GlobalSection(NestedProjects) = preSolution
		{9F49E67C-822B-4229-B22F-A47AF1DD8877} = {5C8F8F34-01C4-4D17-ABCE-E525F13AABE4}
		{33CDEB9C-6447-47B8-BF69-3BD4F4839395} = {5C8F8F34-01C4-4D17-ABCE-E525F13AABE4}
		{3A890686-1B16-4CE1-80D0-E2305C7BBA1A} = {5C8F8F34-01C4-4D17-ABCE-E525F13AABE4}
	EndGlobalSection
EndGlobal
